{
  "name": "agg-pivot",
  "version": "1.0.3",
  "lockfileVersion": 2,
  "requires": true,
  "packages": {
    "": {
      "name": "agg-pivot",
      "version": "1.0.3",
      "license": "MIT",
      "dependencies": {
        "incnum": "^1.0.2"
      }
    },
    "node_modules/incnum": {
      "version": "1.0.2",
      "resolved": "https://registry.npmjs.org/incnum/-/incnum-1.0.2.tgz",
      "integrity": "sha512-poyPwXBR2kIwti7UelIRdu6UfvDrQkWtL8rh5Qnz752DGJ27JfA8X/unwJedUYAqgdTK7lZKjE11HlgjNyvWvw=="
    }
  },
  "dependencies": {
    "incnum": {
      "version": "1.0.2",
      "resolved": "https://registry.npmjs.org/incnum/-/incnum-1.0.2.tgz",
      "integrity": "sha512-poyPwXBR2kIwti7UelIRdu6UfvDrQkWtL8rh5Qnz752DGJ27JfA8X/unwJedUYAqgdTK7lZKjE11HlgjNyvWvw=="
    }
  }
}
