{
  "name": "agg-pivot",
  "version": "1.0.0",
  "lockfileVersion": 2,
  "requires": true,
  "packages": {
    "": {
      "name": "agg-pivot",
      "version": "1.0.0",
      "license": "MIT",
      "dependencies": {
        "incnum": "^1.0.1"
      }
    },
    "node_modules/incnum": {
      "version": "1.0.1",
      "resolved": "https://registry.npmjs.org/incnum/-/incnum-1.0.1.tgz",
      "integrity": "sha512-FASIBWHRzbnlc70WuxImBGn5ahZ3z1uzrQpj3XE/hrI+Wm8x0s7gKQQiYT1LJ5rIfS+WK2LNvuf723xypa6bfg=="
    }
  },
  "dependencies": {
    "incnum": {
      "version": "1.0.1",
      "resolved": "https://registry.npmjs.org/incnum/-/incnum-1.0.1.tgz",
      "integrity": "sha512-FASIBWHRzbnlc70WuxImBGn5ahZ3z1uzrQpj3XE/hrI+Wm8x0s7gKQQiYT1LJ5rIfS+WK2LNvuf723xypa6bfg=="
    }
  }
}
